// !$*UTF8*$!
{
	archiveVersion = 1;
	classes = {
	};
	objectVersion = 51;
	objects = {

/* Begin PBXBuildFile section */
		2B0C69C625DED5D10042A9D9 /* NetworkManager.swift in Sources */ = {isa = PBXBuildFile; fileRef = 2B0C69C525DED5D10042A9D9 /* NetworkManager.swift */; };
		2B1C003A25D6D70E00211BD8 /* AppDelegate.swift in Sources */ = {isa = PBXBuildFile; fileRef = 2B1C003925D6D70E00211BD8 /* AppDelegate.swift */; };
		2B1C003C25D6D70E00211BD8 /* SceneDelegate.swift in Sources */ = {isa = PBXBuildFile; fileRef = 2B1C003B25D6D70E00211BD8 /* SceneDelegate.swift */; };
		2B1C003E25D6D70E00211BD8 /* IntroductionViewController.swift in Sources */ = {isa = PBXBuildFile; fileRef = 2B1C003D25D6D70E00211BD8 /* IntroductionViewController.swift */; };
		2B1C004125D6D70E00211BD8 /* Main.storyboard in Resources */ = {isa = PBXBuildFile; fileRef = 2B1C003F25D6D70E00211BD8 /* Main.storyboard */; };
		2B1C004425D6D70E00211BD8 /* What_animal_should_i_get_.xcdatamodeld in Sources */ = {isa = PBXBuildFile; fileRef = 2B1C004225D6D70E00211BD8 /* What_animal_should_i_get_.xcdatamodeld */; };
		2B1C004625D6D71100211BD8 /* Assets.xcassets in Resources */ = {isa = PBXBuildFile; fileRef = 2B1C004525D6D71100211BD8 /* Assets.xcassets */; };
		2B1C004925D6D71100211BD8 /* LaunchScreen.storyboard in Resources */ = {isa = PBXBuildFile; fileRef = 2B1C004725D6D71100211BD8 /* LaunchScreen.storyboard */; };
		2B30629425DAB15E00365EC4 /* QuestionsViewController.swift in Sources */ = {isa = PBXBuildFile; fileRef = 2B30629325DAB15E00365EC4 /* QuestionsViewController.swift */; };
		2B30629725DAB1A100365EC4 /* ResultsViewController.swift in Sources */ = {isa = PBXBuildFile; fileRef = 2B30629625DAB1A100365EC4 /* ResultsViewController.swift */; };
		2B92FA2B25D84B9D001BC999 /* Question.swift in Sources */ = {isa = PBXBuildFile; fileRef = 2B92FA2A25D84B9D001BC999 /* Question.swift */; };
		2B92FA2E25D84BE3001BC999 /* Answer.swift in Sources */ = {isa = PBXBuildFile; fileRef = 2B92FA2D25D84BE3001BC999 /* Answer.swift */; };
		2BCA437F25DDA8C700007501 /* IntroductionPresenterProtocol.swift in Sources */ = {isa = PBXBuildFile; fileRef = 2BCA437E25DDA8C700007501 /* IntroductionPresenterProtocol.swift */; };
		2BCA438225DDA8F800007501 /* QuestionsPresenterProtocol.swift in Sources */ = {isa = PBXBuildFile; fileRef = 2BCA438125DDA8F800007501 /* QuestionsPresenterProtocol.swift */; };
		2BCA438725DDA98800007501 /* ResultsPresenterProtocol.swift in Sources */ = {isa = PBXBuildFile; fileRef = 2BCA438625DDA98800007501 /* ResultsPresenterProtocol.swift */; };
		E549703AA59E7C182F66FD45 /* Pods_What_animal_should_i_get_.framework in Frameworks */ = {isa = PBXBuildFile; fileRef = 21D994B43042DE6CF5C5A69E /* Pods_What_animal_should_i_get_.framework */; };
/* End PBXBuildFile section */

/* Begin PBXFileReference section */
		21D994B43042DE6CF5C5A69E /* Pods_What_animal_should_i_get_.framework */ = {isa = PBXFileReference; explicitFileType = wrapper.framework; includeInIndex = 0; path = Pods_What_animal_should_i_get_.framework; sourceTree = BUILT_PRODUCTS_DIR; };
		2B0C69C525DED5D10042A9D9 /* NetworkManager.swift */ = {isa = PBXFileReference; lastKnownFileType = sourcecode.swift; path = NetworkManager.swift; sourceTree = "<group>"; };
		2B1C003625D6D70E00211BD8 /* What animal should i get?.app */ = {isa = PBXFileReference; explicitFileType = wrapper.application; includeInIndex = 0; path = "What animal should i get?.app"; sourceTree = BUILT_PRODUCTS_DIR; };
		2B1C003925D6D70E00211BD8 /* AppDelegate.swift */ = {isa = PBXFileReference; lastKnownFileType = sourcecode.swift; path = AppDelegate.swift; sourceTree = "<group>"; };
		2B1C003B25D6D70E00211BD8 /* SceneDelegate.swift */ = {isa = PBXFileReference; lastKnownFileType = sourcecode.swift; path = SceneDelegate.swift; sourceTree = "<group>"; };
		2B1C003D25D6D70E00211BD8 /* IntroductionViewController.swift */ = {isa = PBXFileReference; lastKnownFileType = sourcecode.swift; path = IntroductionViewController.swift; sourceTree = "<group>"; };
		2B1C004025D6D70E00211BD8 /* Base */ = {isa = PBXFileReference; lastKnownFileType = file.storyboard; name = Base; path = Base.lproj/Main.storyboard; sourceTree = "<group>"; };
		2B1C004325D6D70E00211BD8 /* What_animal_should_i_get_.xcdatamodel */ = {isa = PBXFileReference; lastKnownFileType = wrapper.xcdatamodel; path = What_animal_should_i_get_.xcdatamodel; sourceTree = "<group>"; };
		2B1C004525D6D71100211BD8 /* Assets.xcassets */ = {isa = PBXFileReference; lastKnownFileType = folder.assetcatalog; path = Assets.xcassets; sourceTree = "<group>"; };
		2B1C004825D6D71100211BD8 /* Base */ = {isa = PBXFileReference; lastKnownFileType = file.storyboard; name = Base; path = Base.lproj/LaunchScreen.storyboard; sourceTree = "<group>"; };
		2B1C004A25D6D71100211BD8 /* Info.plist */ = {isa = PBXFileReference; lastKnownFileType = text.plist.xml; path = Info.plist; sourceTree = "<group>"; };
		2B30629325DAB15E00365EC4 /* QuestionsViewController.swift */ = {isa = PBXFileReference; lastKnownFileType = sourcecode.swift; path = QuestionsViewController.swift; sourceTree = "<group>"; };
		2B30629625DAB1A100365EC4 /* ResultsViewController.swift */ = {isa = PBXFileReference; lastKnownFileType = sourcecode.swift; path = ResultsViewController.swift; sourceTree = "<group>"; };
		2B92FA2A25D84B9D001BC999 /* Question.swift */ = {isa = PBXFileReference; lastKnownFileType = sourcecode.swift; path = Question.swift; sourceTree = "<group>"; };
		2B92FA2D25D84BE3001BC999 /* Answer.swift */ = {isa = PBXFileReference; lastKnownFileType = sourcecode.swift; path = Answer.swift; sourceTree = "<group>"; };
		2BCA437E25DDA8C700007501 /* IntroductionPresenterProtocol.swift */ = {isa = PBXFileReference; lastKnownFileType = sourcecode.swift; path = IntroductionPresenterProtocol.swift; sourceTree = "<group>"; };
		2BCA438125DDA8F800007501 /* QuestionsPresenterProtocol.swift */ = {isa = PBXFileReference; lastKnownFileType = sourcecode.swift; path = QuestionsPresenterProtocol.swift; sourceTree = "<group>"; };
		2BCA438625DDA98800007501 /* ResultsPresenterProtocol.swift */ = {isa = PBXFileReference; lastKnownFileType = sourcecode.swift; path = ResultsPresenterProtocol.swift; sourceTree = "<group>"; };
		BD0ECA803F2F03956DFD73BF /* Pods-What animal should i get?.debug.xcconfig */ = {isa = PBXFileReference; includeInIndex = 1; lastKnownFileType = text.xcconfig; name = "Pods-What animal should i get?.debug.xcconfig"; path = "Target Support Files/Pods-What animal should i get?/Pods-What animal should i get?.debug.xcconfig"; sourceTree = "<group>"; };
		FE6886BBDEEA5DDFF8E49D39 /* Pods-What animal should i get?.release.xcconfig */ = {isa = PBXFileReference; includeInIndex = 1; lastKnownFileType = text.xcconfig; name = "Pods-What animal should i get?.release.xcconfig"; path = "Target Support Files/Pods-What animal should i get?/Pods-What animal should i get?.release.xcconfig"; sourceTree = "<group>"; };
/* End PBXFileReference section */

/* Begin PBXFrameworksBuildPhase section */
		2B1C003325D6D70E00211BD8 /* Frameworks */ = {
			isa = PBXFrameworksBuildPhase;
			buildActionMask = 2147483647;
			files = (
				E549703AA59E7C182F66FD45 /* Pods_What_animal_should_i_get_.framework in Frameworks */,
			);
			runOnlyForDeploymentPostprocessing = 0;
		};
/* End PBXFrameworksBuildPhase section */

/* Begin PBXGroup section */
		2B0C69CA25DED6280042A9D9 /* NetworkManager */ = {
			isa = PBXGroup;
			children = (
				2B0C69C525DED5D10042A9D9 /* NetworkManager.swift */,
			);
			path = NetworkManager;
			sourceTree = "<group>";
		};
		2B1C002D25D6D70E00211BD8 = {
			isa = PBXGroup;
			children = (
				2B1C003825D6D70E00211BD8 /* What animal should i get? */,
				2B1C003725D6D70E00211BD8 /* Products */,
				F3573898DD2C640FE59E4B09 /* Pods */,
				52499032CF4272F270B2840E /* Frameworks */,
			);
			sourceTree = "<group>";
		};
		2B1C003725D6D70E00211BD8 /* Products */ = {
			isa = PBXGroup;
			children = (
				2B1C003625D6D70E00211BD8 /* What animal should i get?.app */,
			);
			name = Products;
			sourceTree = "<group>";
		};
		2B1C003825D6D70E00211BD8 /* What animal should i get? */ = {
			isa = PBXGroup;
			children = (
				2B1C005225D6D75B00211BD8 /* Presenters */,
				2B1C005325D6D78400211BD8 /* PassiveViews */,
				2B1C005125D6D74500211BD8 /* Models */,
				2B1C005425D6D7B600211BD8 /* Storyboards */,
				2B0C69CA25DED6280042A9D9 /* NetworkManager */,
				2B1C005625D6D80300211BD8 /* Sources */,
				2B1C005525D6D7D700211BD8 /* SupportingFiles */,
				2B1C004225D6D70E00211BD8 /* What_animal_should_i_get_.xcdatamodeld */,
			);
			path = "What animal should i get?";
			sourceTree = "<group>";
		};
		2B1C005125D6D74500211BD8 /* Models */ = {
			isa = PBXGroup;
			children = (
				2B92FA2A25D84B9D001BC999 /* Question.swift */,
				2B92FA2D25D84BE3001BC999 /* Answer.swift */,
			);
			path = Models;
			sourceTree = "<group>";
		};
		2B1C005225D6D75B00211BD8 /* Presenters */ = {
			isa = PBXGroup;
			children = (
				2BCA438125DDA8F800007501 /* QuestionsPresenterProtocol.swift */,
				2BCA438625DDA98800007501 /* ResultsPresenterProtocol.swift */,
				2BCA437E25DDA8C700007501 /* IntroductionPresenterProtocol.swift */,
			);
			path = Presenters;
			sourceTree = "<group>";
		};
		2B1C005325D6D78400211BD8 /* PassiveViews */ = {
			isa = PBXGroup;
			children = (
				2B30629325DAB15E00365EC4 /* QuestionsViewController.swift */,
				2B30629625DAB1A100365EC4 /* ResultsViewController.swift */,
				2B1C003D25D6D70E00211BD8 /* IntroductionViewController.swift */,
			);
			path = PassiveViews;
			sourceTree = "<group>";
		};
		2B1C005425D6D7B600211BD8 /* Storyboards */ = {
			isa = PBXGroup;
			children = (
				2B1C003F25D6D70E00211BD8 /* Main.storyboard */,
				2B1C004725D6D71100211BD8 /* LaunchScreen.storyboard */,
			);
			path = Storyboards;
			sourceTree = "<group>";
		};
		2B1C005525D6D7D700211BD8 /* SupportingFiles */ = {
			isa = PBXGroup;
			children = (
				2B1C003925D6D70E00211BD8 /* AppDelegate.swift */,
				2B1C003B25D6D70E00211BD8 /* SceneDelegate.swift */,
				2B1C004A25D6D71100211BD8 /* Info.plist */,
			);
			path = SupportingFiles;
			sourceTree = "<group>";
		};
		2B1C005625D6D80300211BD8 /* Sources */ = {
			isa = PBXGroup;
			children = (
				2B1C004525D6D71100211BD8 /* Assets.xcassets */,
			);
			path = Sources;
			sourceTree = "<group>";
		};
		52499032CF4272F270B2840E /* Frameworks */ = {
			isa = PBXGroup;
			children = (
				21D994B43042DE6CF5C5A69E /* Pods_What_animal_should_i_get_.framework */,
			);
			name = Frameworks;
			sourceTree = "<group>";
		};
		F3573898DD2C640FE59E4B09 /* Pods */ = {
			isa = PBXGroup;
			children = (
				BD0ECA803F2F03956DFD73BF /* Pods-What animal should i get?.debug.xcconfig */,
				FE6886BBDEEA5DDFF8E49D39 /* Pods-What animal should i get?.release.xcconfig */,
			);
			path = Pods;
			sourceTree = "<group>";
		};
/* End PBXGroup section */

/* Begin PBXNativeTarget section */
		2B1C003525D6D70E00211BD8 /* What animal should i get? */ = {
			isa = PBXNativeTarget;
			buildConfigurationList = 2B1C004D25D6D71100211BD8 /* Build configuration list for PBXNativeTarget "What animal should i get?" */;
			buildPhases = (
				16F4F1C3DEDA14A5AB70CACD /* [CP] Check Pods Manifest.lock */,
				2B1C003225D6D70E00211BD8 /* Sources */,
				2B1C003325D6D70E00211BD8 /* Frameworks */,
				2B1C003425D6D70E00211BD8 /* Resources */,
				8A6345663E90257081388EB8 /* [CP] Embed Pods Frameworks */,
			);
			buildRules = (
			);
			dependencies = (
			);
			name = "What animal should i get?";
			productName = "What animal should i get?";
			productReference = 2B1C003625D6D70E00211BD8 /* What animal should i get?.app */;
			productType = "com.apple.product-type.application";
		};
/* End PBXNativeTarget section */

/* Begin PBXProject section */
		2B1C002E25D6D70E00211BD8 /* Project object */ = {
			isa = PBXProject;
			attributes = {
				LastSwiftUpdateCheck = 1240;
				LastUpgradeCheck = 1240;
				TargetAttributes = {
					2B1C003525D6D70E00211BD8 = {
						CreatedOnToolsVersion = 12.4;
					};
				};
			};
			buildConfigurationList = 2B1C003125D6D70E00211BD8 /* Build configuration list for PBXProject "What animal should i get?" */;
			compatibilityVersion = "Xcode 9.3";
			developmentRegion = en;
			hasScannedForEncodings = 0;
			knownRegions = (
				en,
				Base,
			);
			mainGroup = 2B1C002D25D6D70E00211BD8;
			productRefGroup = 2B1C003725D6D70E00211BD8 /* Products */;
			projectDirPath = "";
			projectRoot = "";
			targets = (
				2B1C003525D6D70E00211BD8 /* What animal should i get? */,
			);
		};
/* End PBXProject section */

/* Begin PBXResourcesBuildPhase section */
		2B1C003425D6D70E00211BD8 /* Resources */ = {
			isa = PBXResourcesBuildPhase;
			buildActionMask = 2147483647;
			files = (
				2B1C004925D6D71100211BD8 /* LaunchScreen.storyboard in Resources */,
				2B1C004625D6D71100211BD8 /* Assets.xcassets in Resources */,
				2B1C004125D6D70E00211BD8 /* Main.storyboard in Resources */,
			);
			runOnlyForDeploymentPostprocessing = 0;
		};
/* End PBXResourcesBuildPhase section */

/* Begin PBXShellScriptBuildPhase section */
		16F4F1C3DEDA14A5AB70CACD /* [CP] Check Pods Manifest.lock */ = {
			isa = PBXShellScriptBuildPhase;
			buildActionMask = 2147483647;
			files = (
			);
			inputFileListPaths = (
			);
			inputPaths = (
				"${PODS_PODFILE_DIR_PATH}/Podfile.lock",
				"${PODS_ROOT}/Manifest.lock",
			);
			name = "[CP] Check Pods Manifest.lock";
			outputFileListPaths = (
			);
			outputPaths = (
				"$(DERIVED_FILE_DIR)/Pods-What animal should i get?-checkManifestLockResult.txt",
			);
			runOnlyForDeploymentPostprocessing = 0;
			shellPath = /bin/sh;
			shellScript = "diff \"${PODS_PODFILE_DIR_PATH}/Podfile.lock\" \"${PODS_ROOT}/Manifest.lock\" > /dev/null\nif [ $? != 0 ] ; then\n    # print error to STDERR\n    echo \"error: The sandbox is not in sync with the Podfile.lock. Run 'pod install' or update your CocoaPods installation.\" >&2\n    exit 1\nfi\n# This output is used by Xcode 'outputs' to avoid re-running this script phase.\necho \"SUCCESS\" > \"${SCRIPT_OUTPUT_FILE_0}\"\n";
			showEnvVarsInLog = 0;
		};
		8A6345663E90257081388EB8 /* [CP] Embed Pods Frameworks */ = {
			isa = PBXShellScriptBuildPhase;
			buildActionMask = 2147483647;
			files = (
			);
			inputFileListPaths = (
				"${PODS_ROOT}/Target Support Files/Pods-What animal should i get?/Pods-What animal should i get?-frameworks-${CONFIGURATION}-input-files.xcfilelist",
			);
			name = "[CP] Embed Pods Frameworks";
			outputFileListPaths = (
				"${PODS_ROOT}/Target Support Files/Pods-What animal should i get?/Pods-What animal should i get?-frameworks-${CONFIGURATION}-output-files.xcfilelist",
			);
			runOnlyForDeploymentPostprocessing = 0;
			shellPath = /bin/sh;
			shellScript = "\"${PODS_ROOT}/Target Support Files/Pods-What animal should i get?/Pods-What animal should i get?-frameworks.sh\"\n";
			showEnvVarsInLog = 0;
		};
/* End PBXShellScriptBuildPhase section */

/* Begin PBXSourcesBuildPhase section */
		2B1C003225D6D70E00211BD8 /* Sources */ = {
			isa = PBXSourcesBuildPhase;
			buildActionMask = 2147483647;
			files = (
				2B92FA2B25D84B9D001BC999 /* Question.swift in Sources */,
				2B0C69C625DED5D10042A9D9 /* NetworkManager.swift in Sources */,
				2B30629425DAB15E00365EC4 /* QuestionsViewController.swift in Sources */,
				2B1C003E25D6D70E00211BD8 /* IntroductionViewController.swift in Sources */,
				2BCA438225DDA8F800007501 /* QuestionsPresenterProtocol.swift in Sources */,
				2B1C003A25D6D70E00211BD8 /* AppDelegate.swift in Sources */,
				2BCA437F25DDA8C700007501 /* IntroductionPresenterProtocol.swift in Sources */,
				2BCA438725DDA98800007501 /* ResultsPresenterProtocol.swift in Sources */,
				2B92FA2E25D84BE3001BC999 /* Answer.swift in Sources */,
				2B1C003C25D6D70E00211BD8 /* SceneDelegate.swift in Sources */,
				2B1C004425D6D70E00211BD8 /* What_animal_should_i_get_.xcdatamodeld in Sources */,
				2B30629725DAB1A100365EC4 /* ResultsViewController.swift in Sources */,
			);
			runOnlyForDeploymentPostprocessing = 0;
		};
/* End PBXSourcesBuildPhase section */

/* Begin PBXVariantGroup section */
		2B1C003F25D6D70E00211BD8 /* Main.storyboard */ = {
			isa = PBXVariantGroup;
			children = (
				2B1C004025D6D70E00211BD8 /* Base */,
			);
			name = Main.storyboard;
			sourceTree = "<group>";
		};
		2B1C004725D6D71100211BD8 /* LaunchScreen.storyboard */ = {
			isa = PBXVariantGroup;
			children = (
				2B1C004825D6D71100211BD8 /* Base */,
			);
			name = LaunchScreen.storyboard;
			sourceTree = "<group>";
		};
/* End PBXVariantGroup section */

/* Begin XCBuildConfiguration section */
		2B1C004B25D6D71100211BD8 /* Debug */ = {
			isa = XCBuildConfiguration;
			buildSettings = {
				ALWAYS_SEARCH_USER_PATHS = NO;
				CLANG_ANALYZER_NONNULL = YES;
				CLANG_ANALYZER_NUMBER_OBJECT_CONVERSION = YES_AGGRESSIVE;
				CLANG_CXX_LANGUAGE_STANDARD = "gnu++14";
				CLANG_CXX_LIBRARY = "libc++";
				CLANG_ENABLE_MODULES = YES;
				CLANG_ENABLE_OBJC_ARC = YES;
				CLANG_ENABLE_OBJC_WEAK = YES;
				CLANG_WARN_BLOCK_CAPTURE_AUTORELEASING = YES;
				CLANG_WARN_BOOL_CONVERSION = YES;
				CLANG_WARN_COMMA = YES;
				CLANG_WARN_CONSTANT_CONVERSION = YES;
				CLANG_WARN_DEPRECATED_OBJC_IMPLEMENTATIONS = YES;
				CLANG_WARN_DIRECT_OBJC_ISA_USAGE = YES_ERROR;
				CLANG_WARN_DOCUMENTATION_COMMENTS = YES;
				CLANG_WARN_EMPTY_BODY = YES;
				CLANG_WARN_ENUM_CONVERSION = YES;
				CLANG_WARN_INFINITE_RECURSION = YES;
				CLANG_WARN_INT_CONVERSION = YES;
				CLANG_WARN_NON_LITERAL_NULL_CONVERSION = YES;
				CLANG_WARN_OBJC_IMPLICIT_RETAIN_SELF = YES;
				CLANG_WARN_OBJC_LITERAL_CONVERSION = YES;
				CLANG_WARN_OBJC_ROOT_CLASS = YES_ERROR;
				CLANG_WARN_QUOTED_INCLUDE_IN_FRAMEWORK_HEADER = YES;
				CLANG_WARN_RANGE_LOOP_ANALYSIS = YES;
				CLANG_WARN_STRICT_PROTOTYPES = YES;
				CLANG_WARN_SUSPICIOUS_MOVE = YES;
				CLANG_WARN_UNGUARDED_AVAILABILITY = YES_AGGRESSIVE;
				CLANG_WARN_UNREACHABLE_CODE = YES;
				CLANG_WARN__DUPLICATE_METHOD_MATCH = YES;
				COPY_PHASE_STRIP = NO;
				DEBUG_INFORMATION_FORMAT = dwarf;
				ENABLE_STRICT_OBJC_MSGSEND = YES;
				ENABLE_TESTABILITY = YES;
				GCC_C_LANGUAGE_STANDARD = gnu11;
				GCC_DYNAMIC_NO_PIC = NO;
				GCC_NO_COMMON_BLOCKS = YES;
				GCC_OPTIMIZATION_LEVEL = 0;
				GCC_PREPROCESSOR_DEFINITIONS = (
					"DEBUG=1",
					"$(inherited)",
				);
				GCC_WARN_64_TO_32_BIT_CONVERSION = YES;
				GCC_WARN_ABOUT_RETURN_TYPE = YES_ERROR;
				GCC_WARN_UNDECLARED_SELECTOR = YES;
				GCC_WARN_UNINITIALIZED_AUTOS = YES_AGGRESSIVE;
				GCC_WARN_UNUSED_FUNCTION = YES;
				GCC_WARN_UNUSED_VARIABLE = YES;
				IPHONEOS_DEPLOYMENT_TARGET = 14.4;
				MTL_ENABLE_DEBUG_INFO = INCLUDE_SOURCE;
				MTL_FAST_MATH = YES;
				ONLY_ACTIVE_ARCH = YES;
				SDKROOT = iphoneos;
				SWIFT_ACTIVE_COMPILATION_CONDITIONS = DEBUG;
				SWIFT_OPTIMIZATION_LEVEL = "-Onone";
			};
			name = Debug;
		};
		2B1C004C25D6D71100211BD8 /* Release */ = {
			isa = XCBuildConfiguration;
			buildSettings = {
				ALWAYS_SEARCH_USER_PATHS = NO;
				CLANG_ANALYZER_NONNULL = YES;
				CLANG_ANALYZER_NUMBER_OBJECT_CONVERSION = YES_AGGRESSIVE;
				CLANG_CXX_LANGUAGE_STANDARD = "gnu++14";
				CLANG_CXX_LIBRARY = "libc++";
				CLANG_ENABLE_MODULES = YES;
				CLANG_ENABLE_OBJC_ARC = YES;
				CLANG_ENABLE_OBJC_WEAK = YES;
				CLANG_WARN_BLOCK_CAPTURE_AUTORELEASING = YES;
				CLANG_WARN_BOOL_CONVERSION = YES;
				CLANG_WARN_COMMA = YES;
				CLANG_WARN_CONSTANT_CONVERSION = YES;
				CLANG_WARN_DEPRECATED_OBJC_IMPLEMENTATIONS = YES;
				CLANG_WARN_DIRECT_OBJC_ISA_USAGE = YES_ERROR;
				CLANG_WARN_DOCUMENTATION_COMMENTS = YES;
				CLANG_WARN_EMPTY_BODY = YES;
				CLANG_WARN_ENUM_CONVERSION = YES;
				CLANG_WARN_INFINITE_RECURSION = YES;
				CLANG_WARN_INT_CONVERSION = YES;
				CLANG_WARN_NON_LITERAL_NULL_CONVERSION = YES;
				CLANG_WARN_OBJC_IMPLICIT_RETAIN_SELF = YES;
				CLANG_WARN_OBJC_LITERAL_CONVERSION = YES;
				CLANG_WARN_OBJC_ROOT_CLASS = YES_ERROR;
				CLANG_WARN_QUOTED_INCLUDE_IN_FRAMEWORK_HEADER = YES;
				CLANG_WARN_RANGE_LOOP_ANALYSIS = YES;
				CLANG_WARN_STRICT_PROTOTYPES = YES;
				CLANG_WARN_SUSPICIOUS_MOVE = YES;
				CLANG_WARN_UNGUARDED_AVAILABILITY = YES_AGGRESSIVE;
				CLANG_WARN_UNREACHABLE_CODE = YES;
				CLANG_WARN__DUPLICATE_METHOD_MATCH = YES;
				COPY_PHASE_STRIP = NO;
				DEBUG_INFORMATION_FORMAT = "dwarf-with-dsym";
				ENABLE_NS_ASSERTIONS = NO;
				ENABLE_STRICT_OBJC_MSGSEND = YES;
				GCC_C_LANGUAGE_STANDARD = gnu11;
				GCC_NO_COMMON_BLOCKS = YES;
				GCC_WARN_64_TO_32_BIT_CONVERSION = YES;
				GCC_WARN_ABOUT_RETURN_TYPE = YES_ERROR;
				GCC_WARN_UNDECLARED_SELECTOR = YES;
				GCC_WARN_UNINITIALIZED_AUTOS = YES_AGGRESSIVE;
				GCC_WARN_UNUSED_FUNCTION = YES;
				GCC_WARN_UNUSED_VARIABLE = YES;
				IPHONEOS_DEPLOYMENT_TARGET = 14.4;
				MTL_ENABLE_DEBUG_INFO = NO;
				MTL_FAST_MATH = YES;
				SDKROOT = iphoneos;
				SWIFT_COMPILATION_MODE = wholemodule;
				SWIFT_OPTIMIZATION_LEVEL = "-O";
				VALIDATE_PRODUCT = YES;
			};
			name = Release;
		};
		2B1C004E25D6D71100211BD8 /* Debug */ = {
			isa = XCBuildConfiguration;
			baseConfigurationReference = BD0ECA803F2F03956DFD73BF /* Pods-What animal should i get?.debug.xcconfig */;
			buildSettings = {
				ASSETCATALOG_COMPILER_APPICON_NAME = AppIcon;
				ASSETCATALOG_COMPILER_GLOBAL_ACCENT_COLOR_NAME = AccentColor;
				CODE_SIGN_STYLE = Automatic;
				INFOPLIST_FILE = "What animal should i get?/SupportingFiles/Info.plist";
				LD_RUNPATH_SEARCH_PATHS = (
					"$(inherited)",
					"@executable_path/Frameworks",
				);
				PRODUCT_BUNDLE_IDENTIFIER = "ru.swiftbook.What-animal-should-i-get-";
				PRODUCT_NAME = "$(TARGET_NAME)";
				SWIFT_VERSION = 5.0;
				TARGETED_DEVICE_FAMILY = "1,2";
			};
			name = Debug;
		};
		2B1C004F25D6D71100211BD8 /* Release */ = {
			isa = XCBuildConfiguration;
			baseConfigurationReference = FE6886BBDEEA5DDFF8E49D39 /* Pods-What animal should i get?.release.xcconfig */;
			buildSettings = {
				ASSETCATALOG_COMPILER_APPICON_NAME = AppIcon;
				ASSETCATALOG_COMPILER_GLOBAL_ACCENT_COLOR_NAME = AccentColor;
				CODE_SIGN_STYLE = Automatic;
				INFOPLIST_FILE = "What animal should i get?/SupportingFiles/Info.plist";
				LD_RUNPATH_SEARCH_PATHS = (
					"$(inherited)",
					"@executable_path/Frameworks",
				);
				PRODUCT_BUNDLE_IDENTIFIER = "ru.swiftbook.What-animal-should-i-get-";
				PRODUCT_NAME = "$(TARGET_NAME)";
				SWIFT_VERSION = 5.0;
				TARGETED_DEVICE_FAMILY = "1,2";
			};
			name = Release;
		};
/* End XCBuildConfiguration section */

/* Begin XCConfigurationList section */
		2B1C003125D6D70E00211BD8 /* Build configuration list for PBXProject "What animal should i get?" */ = {
			isa = XCConfigurationList;
			buildConfigurations = (
				2B1C004B25D6D71100211BD8 /* Debug */,
				2B1C004C25D6D71100211BD8 /* Release */,
			);
			defaultConfigurationIsVisible = 0;
			defaultConfigurationName = Release;
		};
		2B1C004D25D6D71100211BD8 /* Build configuration list for PBXNativeTarget "What animal should i get?" */ = {
			isa = XCConfigurationList;
			buildConfigurations = (
				2B1C004E25D6D71100211BD8 /* Debug */,
				2B1C004F25D6D71100211BD8 /* Release */,
			);
			defaultConfigurationIsVisible = 0;
			defaultConfigurationName = Release;
		};
/* End XCConfigurationList section */

/* Begin XCVersionGroup section */
		2B1C004225D6D70E00211BD8 /* What_animal_should_i_get_.xcdatamodeld */ = {
			isa = XCVersionGroup;
			children = (
				2B1C004325D6D70E00211BD8 /* What_animal_should_i_get_.xcdatamodel */,
			);
			currentVersion = 2B1C004325D6D70E00211BD8 /* What_animal_should_i_get_.xcdatamodel */;
			path = What_animal_should_i_get_.xcdatamodeld;
			sourceTree = "<group>";
			versionGroupType = wrapper.xcdatamodel;
		};
/* End XCVersionGroup section */
	};
	rootObject = 2B1C002E25D6D70E00211BD8 /* Project object */;
}
